// !$*UTF8*$!
{
	archiveVersion = 1;
	classes = {
	};
	objectVersion = 56;
	objects = {

/* Begin PBXBuildFile section */
		18222B9C29AD37FC00549527 /* CreateStarFeature.swift in Sources */ = {isa = PBXBuildFile; fileRef = 18222B9B29AD37FC00549527 /* CreateStarFeature.swift */; };
		182B875829EB115400C499C2 /* StarsAndPlanetsApollo in Frameworks */ = {isa = PBXBuildFile; productRef = 182B875729EB115400C499C2 /* StarsAndPlanetsApollo */; };
		1832A971299E187100FF8310 /* ComposableArchitecture in Frameworks */ = {isa = PBXBuildFile; productRef = 1832A970299E187100FF8310 /* ComposableArchitecture */; };
		1832A973299E1F6300FF8310 /* ListFeature.swift in Sources */ = {isa = PBXBuildFile; fileRef = 1832A972299E1F6300FF8310 /* ListFeature.swift */; };
		1832A975299E214300FF8310 /* Client.swift in Sources */ = {isa = PBXBuildFile; fileRef = 1832A974299E214300FF8310 /* Client.swift */; };
		1832A977299EA48400FF8310 /* DetailFeature.swift in Sources */ = {isa = PBXBuildFile; fileRef = 1832A976299EA48400FF8310 /* DetailFeature.swift */; };
		1832A986299EA91A00FF8310 /* DetailFeatureTests.swift in Sources */ = {isa = PBXBuildFile; fileRef = 1832A985299EA91A00FF8310 /* DetailFeatureTests.swift */; };
		18C9DA3329ACD29C00FD1B28 /* SwiftUINavigation in Frameworks */ = {isa = PBXBuildFile; productRef = 18C9DA3229ACD29C00FD1B28 /* SwiftUINavigation */; };
		18DB9467299D6D1F00772713 /* StarsAndPlanetsClientApp.swift in Sources */ = {isa = PBXBuildFile; fileRef = 18DB9466299D6D1F00772713 /* StarsAndPlanetsClientApp.swift */; };
		18DB946B299D6D2100772713 /* Assets.xcassets in Resources */ = {isa = PBXBuildFile; fileRef = 18DB946A299D6D2100772713 /* Assets.xcassets */; };
		18DB946F299D6D2100772713 /* Preview Assets.xcassets in Resources */ = {isa = PBXBuildFile; fileRef = 18DB946E299D6D2100772713 /* Preview Assets.xcassets */; };
		18DB9477299D6E0E00772713 /* Apollo in Frameworks */ = {isa = PBXBuildFile; productRef = 18DB9476299D6E0E00772713 /* Apollo */; };
		18DB9485299E0E0C00772713 /* Models.swift in Sources */ = {isa = PBXBuildFile; fileRef = 18DB9484299E0E0C00772713 /* Models.swift */; };
/* End PBXBuildFile section */

/* Begin PBXContainerItemProxy section */
		1832A980299EA90600FF8310 /* PBXContainerItemProxy */ = {
			isa = PBXContainerItemProxy;
			containerPortal = 18DB945B299D6D1F00772713 /* Project object */;
			proxyType = 1;
			remoteGlobalIDString = 18DB9462299D6D1F00772713;
			remoteInfo = StarsAndPlanetsClient;
		};
/* End PBXContainerItemProxy section */

/* Begin PBXFileReference section */
		18222B9B29AD37FC00549527 /* CreateStarFeature.swift */ = {isa = PBXFileReference; lastKnownFileType = sourcecode.swift; path = CreateStarFeature.swift; sourceTree = "<group>"; };
		182B875629EB113F00C499C2 /* StarsAndPlanetsApollo */ = {isa = PBXFileReference; lastKnownFileType = wrapper; path = StarsAndPlanetsApollo; sourceTree = "<group>"; };
		1832A972299E1F6300FF8310 /* ListFeature.swift */ = {isa = PBXFileReference; lastKnownFileType = sourcecode.swift; path = ListFeature.swift; sourceTree = "<group>"; };
		1832A974299E214300FF8310 /* Client.swift */ = {isa = PBXFileReference; lastKnownFileType = sourcecode.swift; path = Client.swift; sourceTree = "<group>"; };
		1832A976299EA48400FF8310 /* DetailFeature.swift */ = {isa = PBXFileReference; lastKnownFileType = sourcecode.swift; path = DetailFeature.swift; sourceTree = "<group>"; };
		1832A97C299EA90600FF8310 /* StarsAndPlanetsClientTests.xctest */ = {isa = PBXFileReference; explicitFileType = wrapper.cfbundle; includeInIndex = 0; path = StarsAndPlanetsClientTests.xctest; sourceTree = BUILT_PRODUCTS_DIR; };
		1832A985299EA91A00FF8310 /* DetailFeatureTests.swift */ = {isa = PBXFileReference; lastKnownFileType = sourcecode.swift; path = DetailFeatureTests.swift; sourceTree = "<group>"; };
		18DB9463299D6D1F00772713 /* StarsAndPlanetsClient.app */ = {isa = PBXFileReference; explicitFileType = wrapper.application; includeInIndex = 0; path = StarsAndPlanetsClient.app; sourceTree = BUILT_PRODUCTS_DIR; };
		18DB9466299D6D1F00772713 /* StarsAndPlanetsClientApp.swift */ = {isa = PBXFileReference; lastKnownFileType = sourcecode.swift; path = StarsAndPlanetsClientApp.swift; sourceTree = "<group>"; };
		18DB946A299D6D2100772713 /* Assets.xcassets */ = {isa = PBXFileReference; lastKnownFileType = folder.assetcatalog; path = Assets.xcassets; sourceTree = "<group>"; };
		18DB946C299D6D2100772713 /* StarsAndPlanetsClient.entitlements */ = {isa = PBXFileReference; lastKnownFileType = text.plist.entitlements; path = StarsAndPlanetsClient.entitlements; sourceTree = "<group>"; };
		18DB946E299D6D2100772713 /* Preview Assets.xcassets */ = {isa = PBXFileReference; lastKnownFileType = folder.assetcatalog; path = "Preview Assets.xcassets"; sourceTree = "<group>"; };
		18DB9484299E0E0C00772713 /* Models.swift */ = {isa = PBXFileReference; lastKnownFileType = sourcecode.swift; path = Models.swift; sourceTree = "<group>"; };
/* End PBXFileReference section */

/* Begin PBXFrameworksBuildPhase section */
		1832A979299EA90600FF8310 /* Frameworks */ = {
			isa = PBXFrameworksBuildPhase;
			buildActionMask = 2147483647;
			files = (
			);
			runOnlyForDeploymentPostprocessing = 0;
		};
		18DB9460299D6D1F00772713 /* Frameworks */ = {
			isa = PBXFrameworksBuildPhase;
			buildActionMask = 2147483647;
			files = (
				18C9DA3329ACD29C00FD1B28 /* SwiftUINavigation in Frameworks */,
				18DB9477299D6E0E00772713 /* Apollo in Frameworks */,
				1832A971299E187100FF8310 /* ComposableArchitecture in Frameworks */,
				182B875829EB115400C499C2 /* StarsAndPlanetsApollo in Frameworks */,
			);
			runOnlyForDeploymentPostprocessing = 0;
		};
/* End PBXFrameworksBuildPhase section */

/* Begin PBXGroup section */
		1832A97D299EA90600FF8310 /* StarsAndPlanetsClientTests */ = {
			isa = PBXGroup;
			children = (
				1832A985299EA91A00FF8310 /* DetailFeatureTests.swift */,
			);
			path = StarsAndPlanetsClientTests;
			sourceTree = "<group>";
		};
		18DB945A299D6D1F00772713 = {
			isa = PBXGroup;
			children = (
				18DB947C299D744500772713 /* Packages */,
				18DB9465299D6D1F00772713 /* StarsAndPlanetsClient */,
				1832A97D299EA90600FF8310 /* StarsAndPlanetsClientTests */,
				18DB9464299D6D1F00772713 /* Products */,
				18DB947E299D748700772713 /* Frameworks */,
			);
			sourceTree = "<group>";
		};
		18DB9464299D6D1F00772713 /* Products */ = {
			isa = PBXGroup;
			children = (
				18DB9463299D6D1F00772713 /* StarsAndPlanetsClient.app */,
				1832A97C299EA90600FF8310 /* StarsAndPlanetsClientTests.xctest */,
			);
			name = Products;
			sourceTree = "<group>";
		};
		18DB9465299D6D1F00772713 /* StarsAndPlanetsClient */ = {
			isa = PBXGroup;
			children = (
				18DB9466299D6D1F00772713 /* StarsAndPlanetsClientApp.swift */,
				18DB9483299E0E0100772713 /* Models */,
				1832A972299E1F6300FF8310 /* ListFeature.swift */,
				18222B9B29AD37FC00549527 /* CreateStarFeature.swift */,
				1832A976299EA48400FF8310 /* DetailFeature.swift */,
				1832A974299E214300FF8310 /* Client.swift */,
				18DB946A299D6D2100772713 /* Assets.xcassets */,
				18DB946C299D6D2100772713 /* StarsAndPlanetsClient.entitlements */,
				18DB946D299D6D2100772713 /* Preview Content */,
			);
			path = StarsAndPlanetsClient;
			sourceTree = "<group>";
		};
		18DB946D299D6D2100772713 /* Preview Content */ = {
			isa = PBXGroup;
			children = (
				18DB946E299D6D2100772713 /* Preview Assets.xcassets */,
			);
			path = "Preview Content";
			sourceTree = "<group>";
		};
		18DB947C299D744500772713 /* Packages */ = {
			isa = PBXGroup;
			children = (
				182B875629EB113F00C499C2 /* StarsAndPlanetsApollo */,
			);
			name = Packages;
			sourceTree = "<group>";
		};
		18DB947E299D748700772713 /* Frameworks */ = {
			isa = PBXGroup;
			children = (
			);
			name = Frameworks;
			sourceTree = "<group>";
		};
		18DB9483299E0E0100772713 /* Models */ = {
			isa = PBXGroup;
			children = (
				18DB9484299E0E0C00772713 /* Models.swift */,
			);
			path = Models;
			sourceTree = "<group>";
		};
/* End PBXGroup section */

/* Begin PBXNativeTarget section */
		1832A97B299EA90600FF8310 /* StarsAndPlanetsClientTests */ = {
			isa = PBXNativeTarget;
			buildConfigurationList = 1832A982299EA90600FF8310 /* Build configuration list for PBXNativeTarget "StarsAndPlanetsClientTests" */;
			buildPhases = (
				1832A978299EA90600FF8310 /* Sources */,
				1832A979299EA90600FF8310 /* Frameworks */,
				1832A97A299EA90600FF8310 /* Resources */,
			);
			buildRules = (
			);
			dependencies = (
				1832A981299EA90600FF8310 /* PBXTargetDependency */,
			);
			name = StarsAndPlanetsClientTests;
			productName = StarsAndPlanetsClientTests;
			productReference = 1832A97C299EA90600FF8310 /* StarsAndPlanetsClientTests.xctest */;
			productType = "com.apple.product-type.bundle.unit-test";
		};
		18DB9462299D6D1F00772713 /* StarsAndPlanetsClient */ = {
			isa = PBXNativeTarget;
			buildConfigurationList = 18DB9472299D6D2100772713 /* Build configuration list for PBXNativeTarget "StarsAndPlanetsClient" */;
			buildPhases = (
				18DB945F299D6D1F00772713 /* Sources */,
				18DB9460299D6D1F00772713 /* Frameworks */,
				18DB9461299D6D1F00772713 /* Resources */,
			);
			buildRules = (
			);
			dependencies = (
			);
			name = StarsAndPlanetsClient;
			packageProductDependencies = (
				18DB9476299D6E0E00772713 /* Apollo */,
				1832A970299E187100FF8310 /* ComposableArchitecture */,
				18C9DA3229ACD29C00FD1B28 /* SwiftUINavigation */,
				182B875729EB115400C499C2 /* StarsAndPlanetsApollo */,
			);
			productName = StarsAndPlanetsClient;
			productReference = 18DB9463299D6D1F00772713 /* StarsAndPlanetsClient.app */;
			productType = "com.apple.product-type.application";
		};
/* End PBXNativeTarget section */

/* Begin PBXProject section */
		18DB945B299D6D1F00772713 /* Project object */ = {
			isa = PBXProject;
			attributes = {
				BuildIndependentTargetsInParallel = 1;
				LastSwiftUpdateCheck = 1420;
				LastUpgradeCheck = 1420;
				TargetAttributes = {
					1832A97B299EA90600FF8310 = {
						CreatedOnToolsVersion = 14.2;
						TestTargetID = 18DB9462299D6D1F00772713;
					};
					18DB9462299D6D1F00772713 = {
						CreatedOnToolsVersion = 14.2;
					};
				};
			};
			buildConfigurationList = 18DB945E299D6D1F00772713 /* Build configuration list for PBXProject "StarsAndPlanetsClient" */;
			compatibilityVersion = "Xcode 14.0";
			developmentRegion = en;
			hasScannedForEncodings = 0;
			knownRegions = (
				en,
				Base,
			);
			mainGroup = 18DB945A299D6D1F00772713;
			packageReferences = (
				18DB9475299D6E0E00772713 /* XCRemoteSwiftPackageReference "apollo-ios" */,
				1832A96F299E187100FF8310 /* XCRemoteSwiftPackageReference "swift-composable-architecture" */,
				18C9DA3129ACD29C00FD1B28 /* XCRemoteSwiftPackageReference "swiftui-navigation" */,
			);
			productRefGroup = 18DB9464299D6D1F00772713 /* Products */;
			projectDirPath = "";
			projectRoot = "";
			targets = (
				18DB9462299D6D1F00772713 /* StarsAndPlanetsClient */,
				1832A97B299EA90600FF8310 /* StarsAndPlanetsClientTests */,
			);
		};
/* End PBXProject section */

/* Begin PBXResourcesBuildPhase section */
		1832A97A299EA90600FF8310 /* Resources */ = {
			isa = PBXResourcesBuildPhase;
			buildActionMask = 2147483647;
			files = (
			);
			runOnlyForDeploymentPostprocessing = 0;
		};
		18DB9461299D6D1F00772713 /* Resources */ = {
			isa = PBXResourcesBuildPhase;
			buildActionMask = 2147483647;
			files = (
				18DB946F299D6D2100772713 /* Preview Assets.xcassets in Resources */,
				18DB946B299D6D2100772713 /* Assets.xcassets in Resources */,
			);
			runOnlyForDeploymentPostprocessing = 0;
		};
/* End PBXResourcesBuildPhase section */

/* Begin PBXSourcesBuildPhase section */
		1832A978299EA90600FF8310 /* Sources */ = {
			isa = PBXSourcesBuildPhase;
			buildActionMask = 2147483647;
			files = (
				1832A986299EA91A00FF8310 /* DetailFeatureTests.swift in Sources */,
			);
			runOnlyForDeploymentPostprocessing = 0;
		};
		18DB945F299D6D1F00772713 /* Sources */ = {
			isa = PBXSourcesBuildPhase;
			buildActionMask = 2147483647;
			files = (
				1832A973299E1F6300FF8310 /* ListFeature.swift in Sources */,
				18DB9485299E0E0C00772713 /* Models.swift in Sources */,
				18222B9C29AD37FC00549527 /* CreateStarFeature.swift in Sources */,
				1832A975299E214300FF8310 /* Client.swift in Sources */,
				18DB9467299D6D1F00772713 /* StarsAndPlanetsClientApp.swift in Sources */,
				1832A977299EA48400FF8310 /* DetailFeature.swift in Sources */,
			);
			runOnlyForDeploymentPostprocessing = 0;
		};
/* End PBXSourcesBuildPhase section */

/* Begin PBXTargetDependency section */
		1832A981299EA90600FF8310 /* PBXTargetDependency */ = {
			isa = PBXTargetDependency;
			target = 18DB9462299D6D1F00772713 /* StarsAndPlanetsClient */;
			targetProxy = 1832A980299EA90600FF8310 /* PBXContainerItemProxy */;
		};
/* End PBXTargetDependency section */

/* Begin XCBuildConfiguration section */
		1832A983299EA90600FF8310 /* Debug */ = {
			isa = XCBuildConfiguration;
			buildSettings = {
				BUNDLE_LOADER = "$(TEST_HOST)";
				CODE_SIGN_STYLE = Automatic;
				CURRENT_PROJECT_VERSION = 1;
				GENERATE_INFOPLIST_FILE = YES;
				IPHONEOS_DEPLOYMENT_TARGET = 16.2;
				MARKETING_VERSION = 1.0;
				PRODUCT_BUNDLE_IDENTIFIER = net.tadel.StarsAndPlanetsClientTests;
				PRODUCT_NAME = "$(TARGET_NAME)";
				SDKROOT = iphoneos;
				SWIFT_EMIT_LOC_STRINGS = NO;
				SWIFT_VERSION = 5.0;
				TARGETED_DEVICE_FAMILY = "1,2";
				TEST_HOST = "$(BUILT_PRODUCTS_DIR)/StarsAndPlanetsClient.app/$(BUNDLE_EXECUTABLE_FOLDER_PATH)/StarsAndPlanetsClient";
			};
			name = Debug;
		};
		1832A984299EA90600FF8310 /* Release */ = {
			isa = XCBuildConfiguration;
			buildSettings = {
				BUNDLE_LOADER = "$(TEST_HOST)";
				CODE_SIGN_STYLE = Automatic;
				CURRENT_PROJECT_VERSION = 1;
				GENERATE_INFOPLIST_FILE = YES;
				IPHONEOS_DEPLOYMENT_TARGET = 16.2;
				MARKETING_VERSION = 1.0;
				PRODUCT_BUNDLE_IDENTIFIER = net.tadel.StarsAndPlanetsClientTests;
				PRODUCT_NAME = "$(TARGET_NAME)";
				SDKROOT = iphoneos;
				SWIFT_EMIT_LOC_STRINGS = NO;
				SWIFT_VERSION = 5.0;
				TARGETED_DEVICE_FAMILY = "1,2";
				TEST_HOST = "$(BUILT_PRODUCTS_DIR)/StarsAndPlanetsClient.app/$(BUNDLE_EXECUTABLE_FOLDER_PATH)/StarsAndPlanetsClient";
				VALIDATE_PRODUCT = YES;
			};
			name = Release;
		};
		18DB9470299D6D2100772713 /* Debug */ = {
			isa = XCBuildConfiguration;
			buildSettings = {
				ALWAYS_SEARCH_USER_PATHS = NO;
				CLANG_ANALYZER_NONNULL = YES;
				CLANG_ANALYZER_NUMBER_OBJECT_CONVERSION = YES_AGGRESSIVE;
				CLANG_CXX_LANGUAGE_STANDARD = "gnu++20";
				CLANG_ENABLE_MODULES = YES;
				CLANG_ENABLE_OBJC_ARC = YES;
				CLANG_ENABLE_OBJC_WEAK = YES;
				CLANG_WARN_BLOCK_CAPTURE_AUTORELEASING = YES;
				CLANG_WARN_BOOL_CONVERSION = YES;
				CLANG_WARN_COMMA = YES;
				CLANG_WARN_CONSTANT_CONVERSION = YES;
				CLANG_WARN_DEPRECATED_OBJC_IMPLEMENTATIONS = YES;
				CLANG_WARN_DIRECT_OBJC_ISA_USAGE = YES_ERROR;
				CLANG_WARN_DOCUMENTATION_COMMENTS = YES;
				CLANG_WARN_EMPTY_BODY = YES;
				CLANG_WARN_ENUM_CONVERSION = YES;
				CLANG_WARN_INFINITE_RECURSION = YES;
				CLANG_WARN_INT_CONVERSION = YES;
				CLANG_WARN_NON_LITERAL_NULL_CONVERSION = YES;
				CLANG_WARN_OBJC_IMPLICIT_RETAIN_SELF = YES;
				CLANG_WARN_OBJC_LITERAL_CONVERSION = YES;
				CLANG_WARN_OBJC_ROOT_CLASS = YES_ERROR;
				CLANG_WARN_QUOTED_INCLUDE_IN_FRAMEWORK_HEADER = YES;
				CLANG_WARN_RANGE_LOOP_ANALYSIS = YES;
				CLANG_WARN_STRICT_PROTOTYPES = YES;
				CLANG_WARN_SUSPICIOUS_MOVE = YES;
				CLANG_WARN_UNGUARDED_AVAILABILITY = YES_AGGRESSIVE;
				CLANG_WARN_UNREACHABLE_CODE = YES;
				CLANG_WARN__DUPLICATE_METHOD_MATCH = YES;
				COPY_PHASE_STRIP = NO;
				DEBUG_INFORMATION_FORMAT = dwarf;
				ENABLE_STRICT_OBJC_MSGSEND = YES;
				ENABLE_TESTABILITY = YES;
				GCC_C_LANGUAGE_STANDARD = gnu11;
				GCC_DYNAMIC_NO_PIC = NO;
				GCC_NO_COMMON_BLOCKS = YES;
				GCC_OPTIMIZATION_LEVEL = 0;
				GCC_PREPROCESSOR_DEFINITIONS = (
					"DEBUG=1",
					"$(inherited)",
				);
				GCC_WARN_64_TO_32_BIT_CONVERSION = YES;
				GCC_WARN_ABOUT_RETURN_TYPE = YES_ERROR;
				GCC_WARN_UNDECLARED_SELECTOR = YES;
				GCC_WARN_UNINITIALIZED_AUTOS = YES_AGGRESSIVE;
				GCC_WARN_UNUSED_FUNCTION = YES;
				GCC_WARN_UNUSED_VARIABLE = YES;
				MTL_ENABLE_DEBUG_INFO = INCLUDE_SOURCE;
				MTL_FAST_MATH = YES;
				ONLY_ACTIVE_ARCH = YES;
				SWIFT_ACTIVE_COMPILATION_CONDITIONS = DEBUG;
				SWIFT_OPTIMIZATION_LEVEL = "-Onone";
			};
			name = Debug;
		};
		18DB9471299D6D2100772713 /* Release */ = {
			isa = XCBuildConfiguration;
			buildSettings = {
				ALWAYS_SEARCH_USER_PATHS = NO;
				CLANG_ANALYZER_NONNULL = YES;
				CLANG_ANALYZER_NUMBER_OBJECT_CONVERSION = YES_AGGRESSIVE;
				CLANG_CXX_LANGUAGE_STANDARD = "gnu++20";
				CLANG_ENABLE_MODULES = YES;
				CLANG_ENABLE_OBJC_ARC = YES;
				CLANG_ENABLE_OBJC_WEAK = YES;
				CLANG_WARN_BLOCK_CAPTURE_AUTORELEASING = YES;
				CLANG_WARN_BOOL_CONVERSION = YES;
				CLANG_WARN_COMMA = YES;
				CLANG_WARN_CONSTANT_CONVERSION = YES;
				CLANG_WARN_DEPRECATED_OBJC_IMPLEMENTATIONS = YES;
				CLANG_WARN_DIRECT_OBJC_ISA_USAGE = YES_ERROR;
				CLANG_WARN_DOCUMENTATION_COMMENTS = YES;
				CLANG_WARN_EMPTY_BODY = YES;
				CLANG_WARN_ENUM_CONVERSION = YES;
				CLANG_WARN_INFINITE_RECURSION = YES;
				CLANG_WARN_INT_CONVERSION = YES;
				CLANG_WARN_NON_LITERAL_NULL_CONVERSION = YES;
				CLANG_WARN_OBJC_IMPLICIT_RETAIN_SELF = YES;
				CLANG_WARN_OBJC_LITERAL_CONVERSION = YES;
				CLANG_WARN_OBJC_ROOT_CLASS = YES_ERROR;
				CLANG_WARN_QUOTED_INCLUDE_IN_FRAMEWORK_HEADER = YES;
				CLANG_WARN_RANGE_LOOP_ANALYSIS = YES;
				CLANG_WARN_STRICT_PROTOTYPES = YES;
				CLANG_WARN_SUSPICIOUS_MOVE = YES;
				CLANG_WARN_UNGUARDED_AVAILABILITY = YES_AGGRESSIVE;
				CLANG_WARN_UNREACHABLE_CODE = YES;
				CLANG_WARN__DUPLICATE_METHOD_MATCH = YES;
				COPY_PHASE_STRIP = NO;
				DEBUG_INFORMATION_FORMAT = "dwarf-with-dsym";
				ENABLE_NS_ASSERTIONS = NO;
				ENABLE_STRICT_OBJC_MSGSEND = YES;
				GCC_C_LANGUAGE_STANDARD = gnu11;
				GCC_NO_COMMON_BLOCKS = YES;
				GCC_WARN_64_TO_32_BIT_CONVERSION = YES;
				GCC_WARN_ABOUT_RETURN_TYPE = YES_ERROR;
				GCC_WARN_UNDECLARED_SELECTOR = YES;
				GCC_WARN_UNINITIALIZED_AUTOS = YES_AGGRESSIVE;
				GCC_WARN_UNUSED_FUNCTION = YES;
				GCC_WARN_UNUSED_VARIABLE = YES;
				MTL_ENABLE_DEBUG_INFO = NO;
				MTL_FAST_MATH = YES;
				SWIFT_COMPILATION_MODE = wholemodule;
				SWIFT_OPTIMIZATION_LEVEL = "-O";
			};
			name = Release;
		};
		18DB9473299D6D2100772713 /* Debug */ = {
			isa = XCBuildConfiguration;
			buildSettings = {
				ASSETCATALOG_COMPILER_APPICON_NAME = AppIcon;
				ASSETCATALOG_COMPILER_GLOBAL_ACCENT_COLOR_NAME = AccentColor;
				CODE_SIGN_ENTITLEMENTS = StarsAndPlanetsClient/StarsAndPlanetsClient.entitlements;
				CODE_SIGN_STYLE = Automatic;
				CURRENT_PROJECT_VERSION = 1;
				DEVELOPMENT_ASSET_PATHS = "\"StarsAndPlanetsClient/Preview Content\"";
				ENABLE_PREVIEWS = YES;
				GENERATE_INFOPLIST_FILE = YES;
				"INFOPLIST_KEY_UIApplicationSceneManifest_Generation[sdk=iphoneos*]" = YES;
				"INFOPLIST_KEY_UIApplicationSceneManifest_Generation[sdk=iphonesimulator*]" = YES;
				"INFOPLIST_KEY_UIApplicationSupportsIndirectInputEvents[sdk=iphoneos*]" = YES;
				"INFOPLIST_KEY_UIApplicationSupportsIndirectInputEvents[sdk=iphonesimulator*]" = YES;
				"INFOPLIST_KEY_UILaunchScreen_Generation[sdk=iphoneos*]" = YES;
				"INFOPLIST_KEY_UILaunchScreen_Generation[sdk=iphonesimulator*]" = YES;
				"INFOPLIST_KEY_UIStatusBarStyle[sdk=iphoneos*]" = UIStatusBarStyleDefault;
				"INFOPLIST_KEY_UIStatusBarStyle[sdk=iphonesimulator*]" = UIStatusBarStyleDefault;
				INFOPLIST_KEY_UISupportedInterfaceOrientations_iPad = "UIInterfaceOrientationPortrait UIInterfaceOrientationPortraitUpsideDown UIInterfaceOrientationLandscapeLeft UIInterfaceOrientationLandscapeRight";
				INFOPLIST_KEY_UISupportedInterfaceOrientations_iPhone = "UIInterfaceOrientationPortrait UIInterfaceOrientationLandscapeLeft UIInterfaceOrientationLandscapeRight";
				IPHONEOS_DEPLOYMENT_TARGET = 16.2;
				LD_RUNPATH_SEARCH_PATHS = "@executable_path/Frameworks";
				"LD_RUNPATH_SEARCH_PATHS[sdk=macosx*]" = "@executable_path/../Frameworks";
				MACOSX_DEPLOYMENT_TARGET = 13.1;
				MARKETING_VERSION = 1.0;
				PRODUCT_BUNDLE_IDENTIFIER = net.tadel.StarsAndPlanetsClient;
				PRODUCT_NAME = "$(TARGET_NAME)";
				SDKROOT = auto;
				SUPPORTED_PLATFORMS = "iphoneos iphonesimulator macosx";
				SWIFT_EMIT_LOC_STRINGS = YES;
				SWIFT_VERSION = 5.0;
				TARGETED_DEVICE_FAMILY = "1,2";
			};
			name = Debug;
		};
		18DB9474299D6D2100772713 /* Release */ = {
			isa = XCBuildConfiguration;
			buildSettings = {
				ASSETCATALOG_COMPILER_APPICON_NAME = AppIcon;
				ASSETCATALOG_COMPILER_GLOBAL_ACCENT_COLOR_NAME = AccentColor;
				CODE_SIGN_ENTITLEMENTS = StarsAndPlanetsClient/StarsAndPlanetsClient.entitlements;
				CODE_SIGN_STYLE = Automatic;
				CURRENT_PROJECT_VERSION = 1;
				DEVELOPMENT_ASSET_PATHS = "\"StarsAndPlanetsClient/Preview Content\"";
				ENABLE_PREVIEWS = YES;
				GENERATE_INFOPLIST_FILE = YES;
				"INFOPLIST_KEY_UIApplicationSceneManifest_Generation[sdk=iphoneos*]" = YES;
				"INFOPLIST_KEY_UIApplicationSceneManifest_Generation[sdk=iphonesimulator*]" = YES;
				"INFOPLIST_KEY_UIApplicationSupportsIndirectInputEvents[sdk=iphoneos*]" = YES;
				"INFOPLIST_KEY_UIApplicationSupportsIndirectInputEvents[sdk=iphonesimulator*]" = YES;
				"INFOPLIST_KEY_UILaunchScreen_Generation[sdk=iphoneos*]" = YES;
				"INFOPLIST_KEY_UILaunchScreen_Generation[sdk=iphonesimulator*]" = YES;
				"INFOPLIST_KEY_UIStatusBarStyle[sdk=iphoneos*]" = UIStatusBarStyleDefault;
				"INFOPLIST_KEY_UIStatusBarStyle[sdk=iphonesimulator*]" = UIStatusBarStyleDefault;
				INFOPLIST_KEY_UISupportedInterfaceOrientations_iPad = "UIInterfaceOrientationPortrait UIInterfaceOrientationPortraitUpsideDown UIInterfaceOrientationLandscapeLeft UIInterfaceOrientationLandscapeRight";
				INFOPLIST_KEY_UISupportedInterfaceOrientations_iPhone = "UIInterfaceOrientationPortrait UIInterfaceOrientationLandscapeLeft UIInterfaceOrientationLandscapeRight";
				IPHONEOS_DEPLOYMENT_TARGET = 16.2;
				LD_RUNPATH_SEARCH_PATHS = "@executable_path/Frameworks";
				"LD_RUNPATH_SEARCH_PATHS[sdk=macosx*]" = "@executable_path/../Frameworks";
				MACOSX_DEPLOYMENT_TARGET = 13.1;
				MARKETING_VERSION = 1.0;
				PRODUCT_BUNDLE_IDENTIFIER = net.tadel.StarsAndPlanetsClient;
				PRODUCT_NAME = "$(TARGET_NAME)";
				SDKROOT = auto;
				SUPPORTED_PLATFORMS = "iphoneos iphonesimulator macosx";
				SWIFT_EMIT_LOC_STRINGS = YES;
				SWIFT_VERSION = 5.0;
				TARGETED_DEVICE_FAMILY = "1,2";
			};
			name = Release;
		};
/* End XCBuildConfiguration section */

/* Begin XCConfigurationList section */
		1832A982299EA90600FF8310 /* Build configuration list for PBXNativeTarget "StarsAndPlanetsClientTests" */ = {
			isa = XCConfigurationList;
			buildConfigurations = (
				1832A983299EA90600FF8310 /* Debug */,
				1832A984299EA90600FF8310 /* Release */,
			);
			defaultConfigurationIsVisible = 0;
			defaultConfigurationName = Release;
		};
		18DB945E299D6D1F00772713 /* Build configuration list for PBXProject "StarsAndPlanetsClient" */ = {
			isa = XCConfigurationList;
			buildConfigurations = (
				18DB9470299D6D2100772713 /* Debug */,
				18DB9471299D6D2100772713 /* Release */,
			);
			defaultConfigurationIsVisible = 0;
			defaultConfigurationName = Release;
		};
		18DB9472299D6D2100772713 /* Build configuration list for PBXNativeTarget "StarsAndPlanetsClient" */ = {
			isa = XCConfigurationList;
			buildConfigurations = (
				18DB9473299D6D2100772713 /* Debug */,
				18DB9474299D6D2100772713 /* Release */,
			);
			defaultConfigurationIsVisible = 0;
			defaultConfigurationName = Release;
		};
/* End XCConfigurationList section */

/* Begin XCRemoteSwiftPackageReference section */
		1832A96F299E187100FF8310 /* XCRemoteSwiftPackageReference "swift-composable-architecture" */ = {
			isa = XCRemoteSwiftPackageReference;
			repositoryURL = "https://github.com/pointfreeco/swift-composable-architecture.git";
			requirement = {
				branch = "navigation-beta";
				kind = branch;
			};
		};
		18C9DA3129ACD29C00FD1B28 /* XCRemoteSwiftPackageReference "swiftui-navigation" */ = {
			isa = XCRemoteSwiftPackageReference;
			repositoryURL = "https://github.com/pointfreeco/swiftui-navigation.git";
			requirement = {
				kind = upToNextMajorVersion;
				minimumVersion = 0.6.1;
			};
		};
		18DB9475299D6E0E00772713 /* XCRemoteSwiftPackageReference "apollo-ios" */ = {
			isa = XCRemoteSwiftPackageReference;
			repositoryURL = "https://github.com/apollographql/apollo-ios.git";
			requirement = {
				kind = upToNextMajorVersion;
				minimumVersion = 1.0.0;
			};
		};
/* End XCRemoteSwiftPackageReference section */

/* Begin XCSwiftPackageProductDependency section */
		182B875729EB115400C499C2 /* StarsAndPlanetsApollo */ = {
			isa = XCSwiftPackageProductDependency;
			productName = StarsAndPlanetsApollo;
		};
		1832A970299E187100FF8310 /* ComposableArchitecture */ = {
			isa = XCSwiftPackageProductDependency;
			package = 1832A96F299E187100FF8310 /* XCRemoteSwiftPackageReference "swift-composable-architecture" */;
			productName = ComposableArchitecture;
		};
		18C9DA3229ACD29C00FD1B28 /* SwiftUINavigation */ = {
			isa = XCSwiftPackageProductDependency;
			package = 18C9DA3129ACD29C00FD1B28 /* XCRemoteSwiftPackageReference "swiftui-navigation" */;
			productName = SwiftUINavigation;
		};
		18DB9476299D6E0E00772713 /* Apollo */ = {
			isa = XCSwiftPackageProductDependency;
			package = 18DB9475299D6E0E00772713 /* XCRemoteSwiftPackageReference "apollo-ios" */;
			productName = Apollo;
		};
/* End XCSwiftPackageProductDependency section */
	};
	rootObject = 18DB945B299D6D1F00772713 /* Project object */;
}
