{
  "pins" : [
    {
      "identity" : "aws-crt-swift",
      "kind" : "remoteSourceControl",
      "location" : "https://github.com/awslabs/aws-crt-swift",
      "state" : {
        "revision" : "838deb5de707f157986e4baa95439cbcac9f3fcf",
        "version" : "0.12.0"
      }
    },
    {
      "identity" : "aws-sdk-swift",
      "kind" : "remoteSourceControl",
      "location" : "https://github.com/awslabs/aws-sdk-swift",
      "state" : {
        "branch" : "main",
        "revision" : "170d0219b0aba7f027c03b27a3b81bc0750f8d34"
      }
    },
    {
      "identity" : "graphiti",
      "kind" : "remoteSourceControl",
      "location" : "https://github.com/GraphQLSwift/Graphiti.git",
      "state" : {
        "revision" : "af903a243862c6427935677b91f67df0c21f2a71",
        "version" : "0.26.0"
      }
    },
    {
      "identity" : "graphql",
      "kind" : "remoteSourceControl",
      "location" : "https://github.com/GraphQLSwift/GraphQL.git",
      "state" : {
        "revision" : "1b9d48ce0f0ad8280f75ce9914579aaac5881bc6",
        "version" : "2.5.1"
      }
    },
    {
      "identity" : "smithy-swift",
      "kind" : "remoteSourceControl",
      "location" : "https://github.com/awslabs/smithy-swift",
      "state" : {
        "revision" : "9ad19d30e6fb65b9414ad4d38528e84974098fd1",
        "version" : "0.20.0"
      }
    },
    {
      "identity" : "swift-atomics",
      "kind" : "remoteSourceControl",
      "location" : "https://github.com/apple/swift-atomics.git",
      "state" : {
        "revision" : "6c89474e62719ddcc1e9614989fff2f68208fe10",
        "version" : "1.1.0"
      }
    },
    {
      "identity" : "swift-aws-lambda-events",
      "kind" : "remoteSourceControl",
      "location" : "https://github.com/swift-server/swift-aws-lambda-events.git",
      "state" : {
        "branch" : "main",
        "revision" : "5912b9ec835663d8b8155e12c3c89b754f7f8ad3"
      }
    },
    {
      "identity" : "swift-aws-lambda-runtime",
      "kind" : "remoteSourceControl",
      "location" : "https://github.com/swift-server/swift-aws-lambda-runtime.git",
      "state" : {
        "revision" : "de730b240df25897c4b5b68889c178c994fd6817",
        "version" : "1.0.0-alpha.1"
      }
    },
    {
      "identity" : "swift-backtrace",
      "kind" : "remoteSourceControl",
      "location" : "https://github.com/swift-server/swift-backtrace.git",
      "state" : {
        "revision" : "f25620d5d05e2f1ba27154b40cafea2b67566956",
        "version" : "1.3.3"
      }
    },
    {
      "identity" : "swift-collections",
      "kind" : "remoteSourceControl",
      "location" : "https://github.com/apple/swift-collections.git",
      "state" : {
        "revision" : "937e904258d22af6e447a0b72c0bc67583ef64a2",
        "version" : "1.0.4"
      }
    },
    {
      "identity" : "swift-log",
      "kind" : "remoteSourceControl",
      "location" : "https://github.com/apple/swift-log.git",
      "state" : {
        "revision" : "32e8d724467f8fe623624570367e3d50c5638e46",
        "version" : "1.5.2"
      }
    },
    {
      "identity" : "swift-nio",
      "kind" : "remoteSourceControl",
      "location" : "https://github.com/apple/swift-nio.git",
      "state" : {
        "revision" : "2d8e6ca36fe3e8ed74b0883f593757a45463c34d",
        "version" : "2.53.0"
      }
    },
    {
      "identity" : "xmlcoder",
      "kind" : "remoteSourceControl",
      "location" : "https://github.com/MaxDesiatov/XMLCoder.git",
      "state" : {
        "revision" : "80b4a1646399b8e4e0ce80711653476a85bd5e37",
        "version" : "0.17.0"
      }
    }
  ],
  "version" : 2
}
